
Microsoft Visual Studio Solution File, Format Version 12.00
# Visual Studio Version 17
VisualStudioVersion = 17.5.33530.505
MinimumVisualStudioVersion = 10.0.40219.1
Project("{8BC9CEB8-8B4A-11D0-8D11-00A0C91BC942}") = "提出用ファイル", "提出用ファイル.vcxproj", "{BF163BFE-D208-41AC-8F7C-F437B2F8BB77}"
EndProject
Global
	GlobalSection(SolutionConfigurationPlatforms) = preSolution
		Debug|x64 = Debug|x64
		Debug|x86 = Debug|x86
		Release|x64 = Release|x64
		Release|x86 = Release|x86
	EndGlobalSection
	GlobalSection(ProjectConfigurationPlatforms) = postSolution
		{BF163BFE-D208-41AC-8F7C-F437B2F8BB77}.Debug|x64.ActiveCfg = Debug|x64
		{BF163BFE-D208-41AC-8F7C-F437B2F8BB77}.Debug|x64.Build.0 = Debug|x64
		{BF163BFE-D208-41AC-8F7C-F437B2F8BB77}.Debug|x86.ActiveCfg = Debug|Win32
		{BF163BFE-D208-41AC-8F7C-F437B2F8BB77}.Debug|x86.Build.0 = Debug|Win32
		{BF163BFE-D208-41AC-8F7C-F437B2F8BB77}.Release|x64.ActiveCfg = Release|x64
		{BF163BFE-D208-41AC-8F7C-F437B2F8BB77}.Release|x64.Build.0 = Release|x64
		{BF163BFE-D208-41AC-8F7C-F437B2F8BB77}.Release|x86.ActiveCfg = Release|Win32
		{BF163BFE-D208-41AC-8F7C-F437B2F8BB77}.Release|x86.Build.0 = Release|Win32
	EndGlobalSection
	GlobalSection(SolutionProperties) = preSolution
		HideSolutionNode = FALSE
	EndGlobalSection
	GlobalSection(ExtensibilityGlobals) = postSolution
		SolutionGuid = {6AC97EE8-7399-4CF8-9DE5-0B447FA929EB}
	EndGlobalSection
EndGlobal
